// !$*UTF8*$!
{
	archiveVersion = 1;
	classes = {
	};
	objectVersion = 55;
	objects = {

/* Begin PBXBuildFile section */
		5C7DBF155671F58C96A36125 /* Pods_Moda_ModaUITests.framework in Frameworks */ = {isa = PBXBuildFile; fileRef = 17993514A0BD8466FCD62F74 /* Pods_Moda_ModaUITests.framework */; };
		CB0B15E2277063FE00C8561C /* ResultView.swift in Sources */ = {isa = PBXBuildFile; fileRef = CB0B15E1277063FE00C8561C /* ResultView.swift */; };
		CB2D2077277C32860071AE48 /* DBViewModel.swift in Sources */ = {isa = PBXBuildFile; fileRef = CB2D2076277C32860071AE48 /* DBViewModel.swift */; };
		CB2D2079277C56220071AE48 /* DateToString.swift in Sources */ = {isa = PBXBuildFile; fileRef = CB2D2078277C56220071AE48 /* DateToString.swift */; };
		CB7049E3277AED0300B0BC66 /* Walk.swift in Sources */ = {isa = PBXBuildFile; fileRef = CB7049E2277AED0300B0BC66 /* Walk.swift */; };
		CB7049E6277B3C8800B0BC66 /* TimeToString.swift in Sources */ = {isa = PBXBuildFile; fileRef = CB7049E5277B3C8800B0BC66 /* TimeToString.swift */; };
		CB7049E8277B775600B0BC66 /* DiaryListView.swift in Sources */ = {isa = PBXBuildFile; fileRef = CB7049E7277B775600B0BC66 /* DiaryListView.swift */; };
		CB74413A276C593000BF0A49 /* HomeView.swift in Sources */ = {isa = PBXBuildFile; fileRef = CB744139276C593000BF0A49 /* HomeView.swift */; };
		CB93537427799D3100B0BDA7 /* Diary.swift in Sources */ = {isa = PBXBuildFile; fileRef = CB93537327799D3100B0BDA7 /* Diary.swift */; };
		CB9353792779AE1300B0BDA7 /* Location.swift in Sources */ = {isa = PBXBuildFile; fileRef = CB9353782779AE1300B0BDA7 /* Location.swift */; };
		CB93537B277A1D7100B0BDA7 /* RoundedTextEditor.swift in Sources */ = {isa = PBXBuildFile; fileRef = CB93537A277A1D7100B0BDA7 /* RoundedTextEditor.swift */; };
		CB93537E277A257000B0BDA7 /* View+Extension.swift in Sources */ = {isa = PBXBuildFile; fileRef = CB93537D277A257000B0BDA7 /* View+Extension.swift */; };
		CB94344A277F5CE600C114E1 /* DetailView.swift in Sources */ = {isa = PBXBuildFile; fileRef = CB943449277F5CE600C114E1 /* DetailView.swift */; };
		CB95B78B277057D700AC58B3 /* WalkingView.swift in Sources */ = {isa = PBXBuildFile; fileRef = CB95B78A277057D700AC58B3 /* WalkingView.swift */; };
		CBA79AFA27B7FF8E0045A367 /* HealthKit.framework in Frameworks */ = {isa = PBXBuildFile; fileRef = CBA79AF927B7FF8E0045A367 /* HealthKit.framework */; };
		CBA79AFF27B800820045A367 /* HealthKitManager.swift in Sources */ = {isa = PBXBuildFile; fileRef = CBA79AFE27B800820045A367 /* HealthKitManager.swift */; };
		CBE62CFD276C4BEC00A3CB35 /* ModaApp.swift in Sources */ = {isa = PBXBuildFile; fileRef = CBE62CFC276C4BEC00A3CB35 /* ModaApp.swift */; };
		CBE62CFF276C4BEC00A3CB35 /* ContentView.swift in Sources */ = {isa = PBXBuildFile; fileRef = CBE62CFE276C4BEC00A3CB35 /* ContentView.swift */; };
		CBE62D01276C4BED00A3CB35 /* Assets.xcassets in Resources */ = {isa = PBXBuildFile; fileRef = CBE62D00276C4BED00A3CB35 /* Assets.xcassets */; };
		CBE62D04276C4BED00A3CB35 /* Preview Assets.xcassets in Resources */ = {isa = PBXBuildFile; fileRef = CBE62D03276C4BED00A3CB35 /* Preview Assets.xcassets */; };
		CBE62D0E276C4BED00A3CB35 /* ModaTests.swift in Sources */ = {isa = PBXBuildFile; fileRef = CBE62D0D276C4BED00A3CB35 /* ModaTests.swift */; };
		CBE62D18276C4BED00A3CB35 /* ModaUITests.swift in Sources */ = {isa = PBXBuildFile; fileRef = CBE62D17276C4BED00A3CB35 /* ModaUITests.swift */; };
		CBE62D1A276C4BED00A3CB35 /* ModaUITestsLaunchTests.swift in Sources */ = {isa = PBXBuildFile; fileRef = CBE62D19276C4BED00A3CB35 /* ModaUITestsLaunchTests.swift */; };
		CBE62D29276C4C9300A3CB35 /* OnboardingView.swift in Sources */ = {isa = PBXBuildFile; fileRef = CBE62D28276C4C9300A3CB35 /* OnboardingView.swift */; };
		CBECEE5527718F4400032BF9 /* CustomButton.swift in Sources */ = {isa = PBXBuildFile; fileRef = CBECEE5427718F4400032BF9 /* CustomButton.swift */; };
		CBF4EEA327784C5200563107 /* MapViewModel.swift in Sources */ = {isa = PBXBuildFile; fileRef = CBF4EEA227784C5200563107 /* MapViewModel.swift */; };
		CBFEF01227759F23000682AB /* MapView.swift in Sources */ = {isa = PBXBuildFile; fileRef = CBFEF01127759F23000682AB /* MapView.swift */; };
		F45FA6B170CFC382D7E6D1CA /* Pods_ModaTests.framework in Frameworks */ = {isa = PBXBuildFile; fileRef = 5C04AF34AAC64A9DBC924628 /* Pods_ModaTests.framework */; };
		FE777BA7A255A82901A17F24 /* Pods_Moda.framework in Frameworks */ = {isa = PBXBuildFile; fileRef = CB42BC95AE378EEF99199768 /* Pods_Moda.framework */; };
/* End PBXBuildFile section */

/* Begin PBXContainerItemProxy section */
		CBE62D0A276C4BED00A3CB35 /* PBXContainerItemProxy */ = {
			isa = PBXContainerItemProxy;
			containerPortal = CBE62CF1276C4BEC00A3CB35 /* Project object */;
			proxyType = 1;
			remoteGlobalIDString = CBE62CF8276C4BEC00A3CB35;
			remoteInfo = Moda;
		};
		CBE62D14276C4BED00A3CB35 /* PBXContainerItemProxy */ = {
			isa = PBXContainerItemProxy;
			containerPortal = CBE62CF1276C4BEC00A3CB35 /* Project object */;
			proxyType = 1;
			remoteGlobalIDString = CBE62CF8276C4BEC00A3CB35;
			remoteInfo = Moda;
		};
/* End PBXContainerItemProxy section */

/* Begin PBXFileReference section */
		0D4AB2B64A6CAD241E881E7D /* Pods-Moda.release.xcconfig */ = {isa = PBXFileReference; includeInIndex = 1; lastKnownFileType = text.xcconfig; name = "Pods-Moda.release.xcconfig"; path = "Target Support Files/Pods-Moda/Pods-Moda.release.xcconfig"; sourceTree = "<group>"; };
		0EFA30BAAD666D5529DD9B1A /* Pods-Moda-ModaUITests.debug.xcconfig */ = {isa = PBXFileReference; includeInIndex = 1; lastKnownFileType = text.xcconfig; name = "Pods-Moda-ModaUITests.debug.xcconfig"; path = "Target Support Files/Pods-Moda-ModaUITests/Pods-Moda-ModaUITests.debug.xcconfig"; sourceTree = "<group>"; };
		17993514A0BD8466FCD62F74 /* Pods_Moda_ModaUITests.framework */ = {isa = PBXFileReference; explicitFileType = wrapper.framework; includeInIndex = 0; path = Pods_Moda_ModaUITests.framework; sourceTree = BUILT_PRODUCTS_DIR; };
		4CAFE0675DBD653A7427FEF4 /* Pods-ModaTests.debug.xcconfig */ = {isa = PBXFileReference; includeInIndex = 1; lastKnownFileType = text.xcconfig; name = "Pods-ModaTests.debug.xcconfig"; path = "Target Support Files/Pods-ModaTests/Pods-ModaTests.debug.xcconfig"; sourceTree = "<group>"; };
		5C04AF34AAC64A9DBC924628 /* Pods_ModaTests.framework */ = {isa = PBXFileReference; explicitFileType = wrapper.framework; includeInIndex = 0; path = Pods_ModaTests.framework; sourceTree = BUILT_PRODUCTS_DIR; };
		B3AE9D201F6D91CC736C3470 /* Pods-Moda.debug.xcconfig */ = {isa = PBXFileReference; includeInIndex = 1; lastKnownFileType = text.xcconfig; name = "Pods-Moda.debug.xcconfig"; path = "Target Support Files/Pods-Moda/Pods-Moda.debug.xcconfig"; sourceTree = "<group>"; };
		CB0B15E1277063FE00C8561C /* ResultView.swift */ = {isa = PBXFileReference; lastKnownFileType = sourcecode.swift; path = ResultView.swift; sourceTree = "<group>"; };
		CB2D2076277C32860071AE48 /* DBViewModel.swift */ = {isa = PBXFileReference; lastKnownFileType = sourcecode.swift; path = DBViewModel.swift; sourceTree = "<group>"; };
		CB2D2078277C56220071AE48 /* DateToString.swift */ = {isa = PBXFileReference; lastKnownFileType = sourcecode.swift; path = DateToString.swift; sourceTree = "<group>"; };
		CB42BC95AE378EEF99199768 /* Pods_Moda.framework */ = {isa = PBXFileReference; explicitFileType = wrapper.framework; includeInIndex = 0; path = Pods_Moda.framework; sourceTree = BUILT_PRODUCTS_DIR; };
		CB7049E2277AED0300B0BC66 /* Walk.swift */ = {isa = PBXFileReference; lastKnownFileType = sourcecode.swift; path = Walk.swift; sourceTree = "<group>"; };
		CB7049E5277B3C8800B0BC66 /* TimeToString.swift */ = {isa = PBXFileReference; lastKnownFileType = sourcecode.swift; path = TimeToString.swift; sourceTree = "<group>"; };
		CB7049E7277B775600B0BC66 /* DiaryListView.swift */ = {isa = PBXFileReference; lastKnownFileType = sourcecode.swift; path = DiaryListView.swift; sourceTree = "<group>"; };
		CB744139276C593000BF0A49 /* HomeView.swift */ = {isa = PBXFileReference; lastKnownFileType = sourcecode.swift; path = HomeView.swift; sourceTree = "<group>"; };
		CB93537327799D3100B0BDA7 /* Diary.swift */ = {isa = PBXFileReference; lastKnownFileType = sourcecode.swift; path = Diary.swift; sourceTree = "<group>"; };
		CB9353782779AE1300B0BDA7 /* Location.swift */ = {isa = PBXFileReference; lastKnownFileType = sourcecode.swift; path = Location.swift; sourceTree = "<group>"; };
		CB93537A277A1D7100B0BDA7 /* RoundedTextEditor.swift */ = {isa = PBXFileReference; lastKnownFileType = sourcecode.swift; path = RoundedTextEditor.swift; sourceTree = "<group>"; };
		CB93537D277A257000B0BDA7 /* View+Extension.swift */ = {isa = PBXFileReference; lastKnownFileType = sourcecode.swift; path = "View+Extension.swift"; sourceTree = "<group>"; };
		CB943449277F5CE600C114E1 /* DetailView.swift */ = {isa = PBXFileReference; lastKnownFileType = sourcecode.swift; path = DetailView.swift; sourceTree = "<group>"; };
		CB95B78A277057D700AC58B3 /* WalkingView.swift */ = {isa = PBXFileReference; lastKnownFileType = sourcecode.swift; path = WalkingView.swift; sourceTree = "<group>"; };
		CBA79AF927B7FF8E0045A367 /* HealthKit.framework */ = {isa = PBXFileReference; lastKnownFileType = wrapper.framework; name = HealthKit.framework; path = System/Library/Frameworks/HealthKit.framework; sourceTree = SDKROOT; };
		CBA79AFB27B800180045A367 /* Moda.entitlements */ = {isa = PBXFileReference; lastKnownFileType = text.plist.entitlements; path = Moda.entitlements; sourceTree = "<group>"; };
		CBA79AFE27B800820045A367 /* HealthKitManager.swift */ = {isa = PBXFileReference; lastKnownFileType = sourcecode.swift; path = HealthKitManager.swift; sourceTree = "<group>"; };
		CBE62CF9276C4BEC00A3CB35 /* Moda.app */ = {isa = PBXFileReference; explicitFileType = wrapper.application; includeInIndex = 0; path = Moda.app; sourceTree = BUILT_PRODUCTS_DIR; };
		CBE62CFC276C4BEC00A3CB35 /* ModaApp.swift */ = {isa = PBXFileReference; lastKnownFileType = sourcecode.swift; path = ModaApp.swift; sourceTree = "<group>"; };
		CBE62CFE276C4BEC00A3CB35 /* ContentView.swift */ = {isa = PBXFileReference; lastKnownFileType = sourcecode.swift; path = ContentView.swift; sourceTree = "<group>"; };
		CBE62D00276C4BED00A3CB35 /* Assets.xcassets */ = {isa = PBXFileReference; lastKnownFileType = folder.assetcatalog; path = Assets.xcassets; sourceTree = "<group>"; };
		CBE62D03276C4BED00A3CB35 /* Preview Assets.xcassets */ = {isa = PBXFileReference; lastKnownFileType = folder.assetcatalog; path = "Preview Assets.xcassets"; sourceTree = "<group>"; };
		CBE62D09276C4BED00A3CB35 /* ModaTests.xctest */ = {isa = PBXFileReference; explicitFileType = wrapper.cfbundle; includeInIndex = 0; path = ModaTests.xctest; sourceTree = BUILT_PRODUCTS_DIR; };
		CBE62D0D276C4BED00A3CB35 /* ModaTests.swift */ = {isa = PBXFileReference; lastKnownFileType = sourcecode.swift; path = ModaTests.swift; sourceTree = "<group>"; };
		CBE62D13276C4BED00A3CB35 /* ModaUITests.xctest */ = {isa = PBXFileReference; explicitFileType = wrapper.cfbundle; includeInIndex = 0; path = ModaUITests.xctest; sourceTree = BUILT_PRODUCTS_DIR; };
		CBE62D17276C4BED00A3CB35 /* ModaUITests.swift */ = {isa = PBXFileReference; lastKnownFileType = sourcecode.swift; path = ModaUITests.swift; sourceTree = "<group>"; };
		CBE62D19276C4BED00A3CB35 /* ModaUITestsLaunchTests.swift */ = {isa = PBXFileReference; lastKnownFileType = sourcecode.swift; path = ModaUITestsLaunchTests.swift; sourceTree = "<group>"; };
		CBE62D28276C4C9300A3CB35 /* OnboardingView.swift */ = {isa = PBXFileReference; lastKnownFileType = sourcecode.swift; path = OnboardingView.swift; sourceTree = "<group>"; };
		CBECEE5427718F4400032BF9 /* CustomButton.swift */ = {isa = PBXFileReference; lastKnownFileType = sourcecode.swift; path = CustomButton.swift; sourceTree = "<group>"; };
		CBF4EEA0277841AC00563107 /* Info.plist */ = {isa = PBXFileReference; lastKnownFileType = text.plist; path = Info.plist; sourceTree = "<group>"; };
		CBF4EEA227784C5200563107 /* MapViewModel.swift */ = {isa = PBXFileReference; lastKnownFileType = sourcecode.swift; path = MapViewModel.swift; sourceTree = "<group>"; };
		CBFEF01127759F23000682AB /* MapView.swift */ = {isa = PBXFileReference; lastKnownFileType = sourcecode.swift; path = MapView.swift; sourceTree = "<group>"; };
		ED7AF8349D042EE280EF87A1 /* Pods-ModaTests.release.xcconfig */ = {isa = PBXFileReference; includeInIndex = 1; lastKnownFileType = text.xcconfig; name = "Pods-ModaTests.release.xcconfig"; path = "Target Support Files/Pods-ModaTests/Pods-ModaTests.release.xcconfig"; sourceTree = "<group>"; };
		FE08C09CCBE15B9BC197D2AF /* Pods-Moda-ModaUITests.release.xcconfig */ = {isa = PBXFileReference; includeInIndex = 1; lastKnownFileType = text.xcconfig; name = "Pods-Moda-ModaUITests.release.xcconfig"; path = "Target Support Files/Pods-Moda-ModaUITests/Pods-Moda-ModaUITests.release.xcconfig"; sourceTree = "<group>"; };
/* End PBXFileReference section */

/* Begin PBXFrameworksBuildPhase section */
		CBE62CF6276C4BEC00A3CB35 /* Frameworks */ = {
			isa = PBXFrameworksBuildPhase;
			buildActionMask = 2147483647;
			files = (
				CBA79AFA27B7FF8E0045A367 /* HealthKit.framework in Frameworks */,
				FE777BA7A255A82901A17F24 /* Pods_Moda.framework in Frameworks */,
			);
			runOnlyForDeploymentPostprocessing = 0;
		};
		CBE62D06276C4BED00A3CB35 /* Frameworks */ = {
			isa = PBXFrameworksBuildPhase;
			buildActionMask = 2147483647;
			files = (
				F45FA6B170CFC382D7E6D1CA /* Pods_ModaTests.framework in Frameworks */,
			);
			runOnlyForDeploymentPostprocessing = 0;
		};
		CBE62D10276C4BED00A3CB35 /* Frameworks */ = {
			isa = PBXFrameworksBuildPhase;
			buildActionMask = 2147483647;
			files = (
				5C7DBF155671F58C96A36125 /* Pods_Moda_ModaUITests.framework in Frameworks */,
			);
			runOnlyForDeploymentPostprocessing = 0;
		};
/* End PBXFrameworksBuildPhase section */

/* Begin PBXGroup section */
		A0B8F7438E2490B2FDDBCA16 /* Pods */ = {
			isa = PBXGroup;
			children = (
				B3AE9D201F6D91CC736C3470 /* Pods-Moda.debug.xcconfig */,
				0D4AB2B64A6CAD241E881E7D /* Pods-Moda.release.xcconfig */,
				0EFA30BAAD666D5529DD9B1A /* Pods-Moda-ModaUITests.debug.xcconfig */,
				FE08C09CCBE15B9BC197D2AF /* Pods-Moda-ModaUITests.release.xcconfig */,
				4CAFE0675DBD653A7427FEF4 /* Pods-ModaTests.debug.xcconfig */,
				ED7AF8349D042EE280EF87A1 /* Pods-ModaTests.release.xcconfig */,
			);
			path = Pods;
			sourceTree = "<group>";
		};
		A20EF298045A1C57059FE8F7 /* Frameworks */ = {
			isa = PBXGroup;
			children = (
				CBA79AF927B7FF8E0045A367 /* HealthKit.framework */,
				CB42BC95AE378EEF99199768 /* Pods_Moda.framework */,
				17993514A0BD8466FCD62F74 /* Pods_Moda_ModaUITests.framework */,
				5C04AF34AAC64A9DBC924628 /* Pods_ModaTests.framework */,
			);
			name = Frameworks;
			sourceTree = "<group>";
		};
		CB7049E4277B3C4D00B0BC66 /* Utilities */ = {
			isa = PBXGroup;
			children = (
				CB7049E5277B3C8800B0BC66 /* TimeToString.swift */,
				CB2D2078277C56220071AE48 /* DateToString.swift */,
			);
			path = Utilities;
			sourceTree = "<group>";
		};
		CB935372277975CB00B0BDA7 /* Models */ = {
			isa = PBXGroup;
			children = (
				CB9353782779AE1300B0BDA7 /* Location.swift */,
				CB7049E2277AED0300B0BC66 /* Walk.swift */,
				CB93537327799D3100B0BDA7 /* Diary.swift */,
			);
			path = Models;
			sourceTree = "<group>";
		};
		CB93537C277A255600B0BDA7 /* Extensions */ = {
			isa = PBXGroup;
			children = (
				CB93537D277A257000B0BDA7 /* View+Extension.swift */,
			);
			path = Extensions;
			sourceTree = "<group>";
		};
		CBA79B0027B800BE0045A367 /* Managers */ = {
			isa = PBXGroup;
			children = (
				CBA79AFE27B800820045A367 /* HealthKitManager.swift */,
			);
			path = Managers;
			sourceTree = "<group>";
		};
		CBE62CF0276C4BEC00A3CB35 = {
			isa = PBXGroup;
			children = (
				CBE62CFB276C4BEC00A3CB35 /* Moda */,
				CBE62D0C276C4BED00A3CB35 /* ModaTests */,
				CBE62D16276C4BED00A3CB35 /* ModaUITests */,
				CBE62CFA276C4BEC00A3CB35 /* Products */,
				A0B8F7438E2490B2FDDBCA16 /* Pods */,
				A20EF298045A1C57059FE8F7 /* Frameworks */,
			);
			sourceTree = "<group>";
		};
		CBE62CFA276C4BEC00A3CB35 /* Products */ = {
			isa = PBXGroup;
			children = (
				CBE62CF9276C4BEC00A3CB35 /* Moda.app */,
				CBE62D09276C4BED00A3CB35 /* ModaTests.xctest */,
				CBE62D13276C4BED00A3CB35 /* ModaUITests.xctest */,
			);
			name = Products;
			sourceTree = "<group>";
		};
		CBE62CFB276C4BEC00A3CB35 /* Moda */ = {
			isa = PBXGroup;
			children = (
				CBA79AFB27B800180045A367 /* Moda.entitlements */,
				CBF4EEA0277841AC00563107 /* Info.plist */,
				CBE62CFC276C4BEC00A3CB35 /* ModaApp.swift */,
				CBE62D00276C4BED00A3CB35 /* Assets.xcassets */,
				CBA79B0027B800BE0045A367 /* Managers */,
				CB7049E4277B3C4D00B0BC66 /* Utilities */,
				CBE62D26276C4BFD00A3CB35 /* Views */,
				CB935372277975CB00B0BDA7 /* Models */,
				CBF4EEA127784C3C00563107 /* ViewModels */,
				CBE62D27276C4C0200A3CB35 /* Screens */,
				CB93537C277A255600B0BDA7 /* Extensions */,
				CBE62D02276C4BED00A3CB35 /* Preview Content */,
			);
			path = Moda;
			sourceTree = "<group>";
		};
		CBE62D02276C4BED00A3CB35 /* Preview Content */ = {
			isa = PBXGroup;
			children = (
				CBE62D03276C4BED00A3CB35 /* Preview Assets.xcassets */,
			);
			path = "Preview Content";
			sourceTree = "<group>";
		};
		CBE62D0C276C4BED00A3CB35 /* ModaTests */ = {
			isa = PBXGroup;
			children = (
				CBE62D0D276C4BED00A3CB35 /* ModaTests.swift */,
			);
			path = ModaTests;
			sourceTree = "<group>";
		};
		CBE62D16276C4BED00A3CB35 /* ModaUITests */ = {
			isa = PBXGroup;
			children = (
				CBE62D17276C4BED00A3CB35 /* ModaUITests.swift */,
				CBE62D19276C4BED00A3CB35 /* ModaUITestsLaunchTests.swift */,
			);
			path = ModaUITests;
			sourceTree = "<group>";
		};
		CBE62D26276C4BFD00A3CB35 /* Views */ = {
			isa = PBXGroup;
			children = (
				CBECEE5427718F4400032BF9 /* CustomButton.swift */,
				CB93537A277A1D7100B0BDA7 /* RoundedTextEditor.swift */,
				CBFEF01127759F23000682AB /* MapView.swift */,
			);
			path = Views;
			sourceTree = "<group>";
		};
		CBE62D27276C4C0200A3CB35 /* Screens */ = {
			isa = PBXGroup;
			children = (
				CBE62CFE276C4BEC00A3CB35 /* ContentView.swift */,
				CBE62D28276C4C9300A3CB35 /* OnboardingView.swift */,
				CB744139276C593000BF0A49 /* HomeView.swift */,
				CB95B78A277057D700AC58B3 /* WalkingView.swift */,
				CB0B15E1277063FE00C8561C /* ResultView.swift */,
				CB943449277F5CE600C114E1 /* DetailView.swift */,
				CB7049E7277B775600B0BC66 /* DiaryListView.swift */,
			);
			path = Screens;
			sourceTree = "<group>";
		};
		CBF4EEA127784C3C00563107 /* ViewModels */ = {
			isa = PBXGroup;
			children = (
				CBF4EEA227784C5200563107 /* MapViewModel.swift */,
				CB2D2076277C32860071AE48 /* DBViewModel.swift */,
			);
			path = ViewModels;
			sourceTree = "<group>";
		};
/* End PBXGroup section */

/* Begin PBXNativeTarget section */
		CBE62CF8276C4BEC00A3CB35 /* Moda */ = {
			isa = PBXNativeTarget;
			buildConfigurationList = CBE62D1D276C4BED00A3CB35 /* Build configuration list for PBXNativeTarget "Moda" */;
			buildPhases = (
				0AC90BCE2364A6789595646C /* [CP] Check Pods Manifest.lock */,
				CBE62CF5276C4BEC00A3CB35 /* Sources */,
				CBE62CF6276C4BEC00A3CB35 /* Frameworks */,
				CBE62CF7276C4BEC00A3CB35 /* Resources */,
				5C760DCDEDA1EAB19B5E16A3 /* [CP] Embed Pods Frameworks */,
			);
			buildRules = (
			);
			dependencies = (
			);
			name = Moda;
			productName = Moda;
			productReference = CBE62CF9276C4BEC00A3CB35 /* Moda.app */;
			productType = "com.apple.product-type.application";
		};
		CBE62D08276C4BED00A3CB35 /* ModaTests */ = {
			isa = PBXNativeTarget;
			buildConfigurationList = CBE62D20276C4BED00A3CB35 /* Build configuration list for PBXNativeTarget "ModaTests" */;
			buildPhases = (
				CD8104D318F2344C67B3D5B0 /* [CP] Check Pods Manifest.lock */,
				CBE62D05276C4BED00A3CB35 /* Sources */,
				CBE62D06276C4BED00A3CB35 /* Frameworks */,
				CBE62D07276C4BED00A3CB35 /* Resources */,
			);
			buildRules = (
			);
			dependencies = (
				CBE62D0B276C4BED00A3CB35 /* PBXTargetDependency */,
			);
			name = ModaTests;
			productName = ModaTests;
			productReference = CBE62D09276C4BED00A3CB35 /* ModaTests.xctest */;
			productType = "com.apple.product-type.bundle.unit-test";
		};
		CBE62D12276C4BED00A3CB35 /* ModaUITests */ = {
			isa = PBXNativeTarget;
			buildConfigurationList = CBE62D23276C4BED00A3CB35 /* Build configuration list for PBXNativeTarget "ModaUITests" */;
			buildPhases = (
				40959CD2ACC8EB67E22FB576 /* [CP] Check Pods Manifest.lock */,
				CBE62D0F276C4BED00A3CB35 /* Sources */,
				CBE62D10276C4BED00A3CB35 /* Frameworks */,
				CBE62D11276C4BED00A3CB35 /* Resources */,
				13A3B88FEAD86E41613E9260 /* [CP] Embed Pods Frameworks */,
			);
			buildRules = (
			);
			dependencies = (
				CBE62D15276C4BED00A3CB35 /* PBXTargetDependency */,
			);
			name = ModaUITests;
			productName = ModaUITests;
			productReference = CBE62D13276C4BED00A3CB35 /* ModaUITests.xctest */;
			productType = "com.apple.product-type.bundle.ui-testing";
		};
/* End PBXNativeTarget section */

/* Begin PBXProject section */
		CBE62CF1276C4BEC00A3CB35 /* Project object */ = {
			isa = PBXProject;
			attributes = {
				BuildIndependentTargetsInParallel = 1;
				LastSwiftUpdateCheck = 1320;
				LastUpgradeCheck = 1320;
				TargetAttributes = {
					CBE62CF8276C4BEC00A3CB35 = {
						CreatedOnToolsVersion = 13.2;
					};
					CBE62D08276C4BED00A3CB35 = {
						CreatedOnToolsVersion = 13.2;
						TestTargetID = CBE62CF8276C4BEC00A3CB35;
					};
					CBE62D12276C4BED00A3CB35 = {
						CreatedOnToolsVersion = 13.2;
						TestTargetID = CBE62CF8276C4BEC00A3CB35;
					};
				};
			};
			buildConfigurationList = CBE62CF4276C4BEC00A3CB35 /* Build configuration list for PBXProject "Moda" */;
			compatibilityVersion = "Xcode 13.0";
			developmentRegion = en;
			hasScannedForEncodings = 0;
			knownRegions = (
				en,
				Base,
			);
			mainGroup = CBE62CF0276C4BEC00A3CB35;
			productRefGroup = CBE62CFA276C4BEC00A3CB35 /* Products */;
			projectDirPath = "";
			projectRoot = "";
			targets = (
				CBE62CF8276C4BEC00A3CB35 /* Moda */,
				CBE62D08276C4BED00A3CB35 /* ModaTests */,
				CBE62D12276C4BED00A3CB35 /* ModaUITests */,
			);
		};
/* End PBXProject section */

/* Begin PBXResourcesBuildPhase section */
		CBE62CF7276C4BEC00A3CB35 /* Resources */ = {
			isa = PBXResourcesBuildPhase;
			buildActionMask = 2147483647;
			files = (
				CBE62D04276C4BED00A3CB35 /* Preview Assets.xcassets in Resources */,
				CBE62D01276C4BED00A3CB35 /* Assets.xcassets in Resources */,
			);
			runOnlyForDeploymentPostprocessing = 0;
		};
		CBE62D07276C4BED00A3CB35 /* Resources */ = {
			isa = PBXResourcesBuildPhase;
			buildActionMask = 2147483647;
			files = (
			);
			runOnlyForDeploymentPostprocessing = 0;
		};
		CBE62D11276C4BED00A3CB35 /* Resources */ = {
			isa = PBXResourcesBuildPhase;
			buildActionMask = 2147483647;
			files = (
			);
			runOnlyForDeploymentPostprocessing = 0;
		};
/* End PBXResourcesBuildPhase section */

/* Begin PBXShellScriptBuildPhase section */
		0AC90BCE2364A6789595646C /* [CP] Check Pods Manifest.lock */ = {
			isa = PBXShellScriptBuildPhase;
			buildActionMask = 2147483647;
			files = (
			);
			inputFileListPaths = (
			);
			inputPaths = (
				"${PODS_PODFILE_DIR_PATH}/Podfile.lock",
				"${PODS_ROOT}/Manifest.lock",
			);
			name = "[CP] Check Pods Manifest.lock";
			outputFileListPaths = (
			);
			outputPaths = (
				"$(DERIVED_FILE_DIR)/Pods-Moda-checkManifestLockResult.txt",
			);
			runOnlyForDeploymentPostprocessing = 0;
			shellPath = /bin/sh;
			shellScript = "diff \"${PODS_PODFILE_DIR_PATH}/Podfile.lock\" \"${PODS_ROOT}/Manifest.lock\" > /dev/null\nif [ $? != 0 ] ; then\n    # print error to STDERR\n    echo \"error: The sandbox is not in sync with the Podfile.lock. Run 'pod install' or update your CocoaPods installation.\" >&2\n    exit 1\nfi\n# This output is used by Xcode 'outputs' to avoid re-running this script phase.\necho \"SUCCESS\" > \"${SCRIPT_OUTPUT_FILE_0}\"\n";
			showEnvVarsInLog = 0;
		};
		13A3B88FEAD86E41613E9260 /* [CP] Embed Pods Frameworks */ = {
			isa = PBXShellScriptBuildPhase;
			buildActionMask = 2147483647;
			files = (
			);
			inputFileListPaths = (
				"${PODS_ROOT}/Target Support Files/Pods-Moda-ModaUITests/Pods-Moda-ModaUITests-frameworks-${CONFIGURATION}-input-files.xcfilelist",
			);
			name = "[CP] Embed Pods Frameworks";
			outputFileListPaths = (
				"${PODS_ROOT}/Target Support Files/Pods-Moda-ModaUITests/Pods-Moda-ModaUITests-frameworks-${CONFIGURATION}-output-files.xcfilelist",
			);
			runOnlyForDeploymentPostprocessing = 0;
			shellPath = /bin/sh;
			shellScript = "\"${PODS_ROOT}/Target Support Files/Pods-Moda-ModaUITests/Pods-Moda-ModaUITests-frameworks.sh\"\n";
			showEnvVarsInLog = 0;
		};
		40959CD2ACC8EB67E22FB576 /* [CP] Check Pods Manifest.lock */ = {
			isa = PBXShellScriptBuildPhase;
			buildActionMask = 2147483647;
			files = (
			);
			inputFileListPaths = (
			);
			inputPaths = (
				"${PODS_PODFILE_DIR_PATH}/Podfile.lock",
				"${PODS_ROOT}/Manifest.lock",
			);
			name = "[CP] Check Pods Manifest.lock";
			outputFileListPaths = (
			);
			outputPaths = (
				"$(DERIVED_FILE_DIR)/Pods-Moda-ModaUITests-checkManifestLockResult.txt",
			);
			runOnlyForDeploymentPostprocessing = 0;
			shellPath = /bin/sh;
			shellScript = "diff \"${PODS_PODFILE_DIR_PATH}/Podfile.lock\" \"${PODS_ROOT}/Manifest.lock\" > /dev/null\nif [ $? != 0 ] ; then\n    # print error to STDERR\n    echo \"error: The sandbox is not in sync with the Podfile.lock. Run 'pod install' or update your CocoaPods installation.\" >&2\n    exit 1\nfi\n# This output is used by Xcode 'outputs' to avoid re-running this script phase.\necho \"SUCCESS\" > \"${SCRIPT_OUTPUT_FILE_0}\"\n";
			showEnvVarsInLog = 0;
		};
		5C760DCDEDA1EAB19B5E16A3 /* [CP] Embed Pods Frameworks */ = {
			isa = PBXShellScriptBuildPhase;
			buildActionMask = 2147483647;
			files = (
			);
			inputFileListPaths = (
				"${PODS_ROOT}/Target Support Files/Pods-Moda/Pods-Moda-frameworks-${CONFIGURATION}-input-files.xcfilelist",
			);
			name = "[CP] Embed Pods Frameworks";
			outputFileListPaths = (
				"${PODS_ROOT}/Target Support Files/Pods-Moda/Pods-Moda-frameworks-${CONFIGURATION}-output-files.xcfilelist",
			);
			runOnlyForDeploymentPostprocessing = 0;
			shellPath = /bin/sh;
			shellScript = "\"${PODS_ROOT}/Target Support Files/Pods-Moda/Pods-Moda-frameworks.sh\"\n";
			showEnvVarsInLog = 0;
		};
		CD8104D318F2344C67B3D5B0 /* [CP] Check Pods Manifest.lock */ = {
			isa = PBXShellScriptBuildPhase;
			buildActionMask = 2147483647;
			files = (
			);
			inputFileListPaths = (
			);
			inputPaths = (
				"${PODS_PODFILE_DIR_PATH}/Podfile.lock",
				"${PODS_ROOT}/Manifest.lock",
			);
			name = "[CP] Check Pods Manifest.lock";
			outputFileListPaths = (
			);
			outputPaths = (
				"$(DERIVED_FILE_DIR)/Pods-ModaTests-checkManifestLockResult.txt",
			);
			runOnlyForDeploymentPostprocessing = 0;
			shellPath = /bin/sh;
			shellScript = "diff \"${PODS_PODFILE_DIR_PATH}/Podfile.lock\" \"${PODS_ROOT}/Manifest.lock\" > /dev/null\nif [ $? != 0 ] ; then\n    # print error to STDERR\n    echo \"error: The sandbox is not in sync with the Podfile.lock. Run 'pod install' or update your CocoaPods installation.\" >&2\n    exit 1\nfi\n# This output is used by Xcode 'outputs' to avoid re-running this script phase.\necho \"SUCCESS\" > \"${SCRIPT_OUTPUT_FILE_0}\"\n";
			showEnvVarsInLog = 0;
		};
/* End PBXShellScriptBuildPhase section */

/* Begin PBXSourcesBuildPhase section */
		CBE62CF5276C4BEC00A3CB35 /* Sources */ = {
			isa = PBXSourcesBuildPhase;
			buildActionMask = 2147483647;
			files = (
				CB95B78B277057D700AC58B3 /* WalkingView.swift in Sources */,
				CBF4EEA327784C5200563107 /* MapViewModel.swift in Sources */,
				CBE62D29276C4C9300A3CB35 /* OnboardingView.swift in Sources */,
				CB74413A276C593000BF0A49 /* HomeView.swift in Sources */,
				CB93537427799D3100B0BDA7 /* Diary.swift in Sources */,
				CB7049E8277B775600B0BC66 /* DiaryListView.swift in Sources */,
				CB7049E6277B3C8800B0BC66 /* TimeToString.swift in Sources */,
				CBECEE5527718F4400032BF9 /* CustomButton.swift in Sources */,
				CB2D2077277C32860071AE48 /* DBViewModel.swift in Sources */,
				CB7049E3277AED0300B0BC66 /* Walk.swift in Sources */,
				CBE62CFF276C4BEC00A3CB35 /* ContentView.swift in Sources */,
				CB0B15E2277063FE00C8561C /* ResultView.swift in Sources */,
				CBFEF01227759F23000682AB /* MapView.swift in Sources */,
				CB2D2079277C56220071AE48 /* DateToString.swift in Sources */,
				CB9353792779AE1300B0BDA7 /* Location.swift in Sources */,
				CB93537B277A1D7100B0BDA7 /* RoundedTextEditor.swift in Sources */,
				CB93537E277A257000B0BDA7 /* View+Extension.swift in Sources */,
				CB94344A277F5CE600C114E1 /* DetailView.swift in Sources */,
				CBA79AFF27B800820045A367 /* HealthKitManager.swift in Sources */,
				CBE62CFD276C4BEC00A3CB35 /* ModaApp.swift in Sources */,
			);
			runOnlyForDeploymentPostprocessing = 0;
		};
		CBE62D05276C4BED00A3CB35 /* Sources */ = {
			isa = PBXSourcesBuildPhase;
			buildActionMask = 2147483647;
			files = (
				CBE62D0E276C4BED00A3CB35 /* ModaTests.swift in Sources */,
			);
			runOnlyForDeploymentPostprocessing = 0;
		};
		CBE62D0F276C4BED00A3CB35 /* Sources */ = {
			isa = PBXSourcesBuildPhase;
			buildActionMask = 2147483647;
			files = (
				CBE62D18276C4BED00A3CB35 /* ModaUITests.swift in Sources */,
				CBE62D1A276C4BED00A3CB35 /* ModaUITestsLaunchTests.swift in Sources */,
			);
			runOnlyForDeploymentPostprocessing = 0;
		};
/* End PBXSourcesBuildPhase section */

/* Begin PBXTargetDependency section */
		CBE62D0B276C4BED00A3CB35 /* PBXTargetDependency */ = {
			isa = PBXTargetDependency;
			target = CBE62CF8276C4BEC00A3CB35 /* Moda */;
			targetProxy = CBE62D0A276C4BED00A3CB35 /* PBXContainerItemProxy */;
		};
		CBE62D15276C4BED00A3CB35 /* PBXTargetDependency */ = {
			isa = PBXTargetDependency;
			target = CBE62CF8276C4BEC00A3CB35 /* Moda */;
			targetProxy = CBE62D14276C4BED00A3CB35 /* PBXContainerItemProxy */;
		};
/* End PBXTargetDependency section */

/* Begin XCBuildConfiguration section */
		CBE62D1B276C4BED00A3CB35 /* Debug */ = {
			isa = XCBuildConfiguration;
			buildSettings = {
				ALWAYS_SEARCH_USER_PATHS = NO;
				CLANG_ANALYZER_NONNULL = YES;
				CLANG_ANALYZER_NUMBER_OBJECT_CONVERSION = YES_AGGRESSIVE;
				CLANG_CXX_LANGUAGE_STANDARD = "gnu++17";
				CLANG_CXX_LIBRARY = "libc++";
				CLANG_ENABLE_MODULES = YES;
				CLANG_ENABLE_OBJC_ARC = YES;
				CLANG_ENABLE_OBJC_WEAK = YES;
				CLANG_WARN_BLOCK_CAPTURE_AUTORELEASING = YES;
				CLANG_WARN_BOOL_CONVERSION = YES;
				CLANG_WARN_COMMA = YES;
				CLANG_WARN_CONSTANT_CONVERSION = YES;
				CLANG_WARN_DEPRECATED_OBJC_IMPLEMENTATIONS = YES;
				CLANG_WARN_DIRECT_OBJC_ISA_USAGE = YES_ERROR;
				CLANG_WARN_DOCUMENTATION_COMMENTS = YES;
				CLANG_WARN_EMPTY_BODY = YES;
				CLANG_WARN_ENUM_CONVERSION = YES;
				CLANG_WARN_INFINITE_RECURSION = YES;
				CLANG_WARN_INT_CONVERSION = YES;
				CLANG_WARN_NON_LITERAL_NULL_CONVERSION = YES;
				CLANG_WARN_OBJC_IMPLICIT_RETAIN_SELF = YES;
				CLANG_WARN_OBJC_LITERAL_CONVERSION = YES;
				CLANG_WARN_OBJC_ROOT_CLASS = YES_ERROR;
				CLANG_WARN_QUOTED_INCLUDE_IN_FRAMEWORK_HEADER = YES;
				CLANG_WARN_RANGE_LOOP_ANALYSIS = YES;
				CLANG_WARN_STRICT_PROTOTYPES = YES;
				CLANG_WARN_SUSPICIOUS_MOVE = YES;
				CLANG_WARN_UNGUARDED_AVAILABILITY = YES_AGGRESSIVE;
				CLANG_WARN_UNREACHABLE_CODE = YES;
				CLANG_WARN__DUPLICATE_METHOD_MATCH = YES;
				COPY_PHASE_STRIP = NO;
				DEBUG_INFORMATION_FORMAT = dwarf;
				ENABLE_STRICT_OBJC_MSGSEND = YES;
				ENABLE_TESTABILITY = YES;
				GCC_C_LANGUAGE_STANDARD = gnu11;
				GCC_DYNAMIC_NO_PIC = NO;
				GCC_NO_COMMON_BLOCKS = YES;
				GCC_OPTIMIZATION_LEVEL = 0;
				GCC_PREPROCESSOR_DEFINITIONS = (
					"DEBUG=1",
					"$(inherited)",
				);
				GCC_WARN_64_TO_32_BIT_CONVERSION = YES;
				GCC_WARN_ABOUT_RETURN_TYPE = YES_ERROR;
				GCC_WARN_UNDECLARED_SELECTOR = YES;
				GCC_WARN_UNINITIALIZED_AUTOS = YES_AGGRESSIVE;
				GCC_WARN_UNUSED_FUNCTION = YES;
				GCC_WARN_UNUSED_VARIABLE = YES;
				IPHONEOS_DEPLOYMENT_TARGET = 15.2;
				MTL_ENABLE_DEBUG_INFO = INCLUDE_SOURCE;
				MTL_FAST_MATH = YES;
				ONLY_ACTIVE_ARCH = YES;
				SDKROOT = iphoneos;
				SWIFT_ACTIVE_COMPILATION_CONDITIONS = DEBUG;
				SWIFT_OPTIMIZATION_LEVEL = "-Onone";
			};
			name = Debug;
		};
		CBE62D1C276C4BED00A3CB35 /* Release */ = {
			isa = XCBuildConfiguration;
			buildSettings = {
				ALWAYS_SEARCH_USER_PATHS = NO;
				CLANG_ANALYZER_NONNULL = YES;
				CLANG_ANALYZER_NUMBER_OBJECT_CONVERSION = YES_AGGRESSIVE;
				CLANG_CXX_LANGUAGE_STANDARD = "gnu++17";
				CLANG_CXX_LIBRARY = "libc++";
				CLANG_ENABLE_MODULES = YES;
				CLANG_ENABLE_OBJC_ARC = YES;
				CLANG_ENABLE_OBJC_WEAK = YES;
				CLANG_WARN_BLOCK_CAPTURE_AUTORELEASING = YES;
				CLANG_WARN_BOOL_CONVERSION = YES;
				CLANG_WARN_COMMA = YES;
				CLANG_WARN_CONSTANT_CONVERSION = YES;
				CLANG_WARN_DEPRECATED_OBJC_IMPLEMENTATIONS = YES;
				CLANG_WARN_DIRECT_OBJC_ISA_USAGE = YES_ERROR;
				CLANG_WARN_DOCUMENTATION_COMMENTS = YES;
				CLANG_WARN_EMPTY_BODY = YES;
				CLANG_WARN_ENUM_CONVERSION = YES;
				CLANG_WARN_INFINITE_RECURSION = YES;
				CLANG_WARN_INT_CONVERSION = YES;
				CLANG_WARN_NON_LITERAL_NULL_CONVERSION = YES;
				CLANG_WARN_OBJC_IMPLICIT_RETAIN_SELF = YES;
				CLANG_WARN_OBJC_LITERAL_CONVERSION = YES;
				CLANG_WARN_OBJC_ROOT_CLASS = YES_ERROR;
				CLANG_WARN_QUOTED_INCLUDE_IN_FRAMEWORK_HEADER = YES;
				CLANG_WARN_RANGE_LOOP_ANALYSIS = YES;
				CLANG_WARN_STRICT_PROTOTYPES = YES;
				CLANG_WARN_SUSPICIOUS_MOVE = YES;
				CLANG_WARN_UNGUARDED_AVAILABILITY = YES_AGGRESSIVE;
				CLANG_WARN_UNREACHABLE_CODE = YES;
				CLANG_WARN__DUPLICATE_METHOD_MATCH = YES;
				COPY_PHASE_STRIP = NO;
				DEBUG_INFORMATION_FORMAT = "dwarf-with-dsym";
				ENABLE_NS_ASSERTIONS = NO;
				ENABLE_STRICT_OBJC_MSGSEND = YES;
				GCC_C_LANGUAGE_STANDARD = gnu11;
				GCC_NO_COMMON_BLOCKS = YES;
				GCC_WARN_64_TO_32_BIT_CONVERSION = YES;
				GCC_WARN_ABOUT_RETURN_TYPE = YES_ERROR;
				GCC_WARN_UNDECLARED_SELECTOR = YES;
				GCC_WARN_UNINITIALIZED_AUTOS = YES_AGGRESSIVE;
				GCC_WARN_UNUSED_FUNCTION = YES;
				GCC_WARN_UNUSED_VARIABLE = YES;
				IPHONEOS_DEPLOYMENT_TARGET = 15.2;
				MTL_ENABLE_DEBUG_INFO = NO;
				MTL_FAST_MATH = YES;
				SDKROOT = iphoneos;
				SWIFT_COMPILATION_MODE = wholemodule;
				SWIFT_OPTIMIZATION_LEVEL = "-O";
				VALIDATE_PRODUCT = YES;
			};
			name = Release;
		};
		CBE62D1E276C4BED00A3CB35 /* Debug */ = {
			isa = XCBuildConfiguration;
			baseConfigurationReference = B3AE9D201F6D91CC736C3470 /* Pods-Moda.debug.xcconfig */;
			buildSettings = {
				ASSETCATALOG_COMPILER_APPICON_NAME = AppIcon;
				ASSETCATALOG_COMPILER_GLOBAL_ACCENT_COLOR_NAME = AccentColor;
				CODE_SIGN_ENTITLEMENTS = Moda/Moda.entitlements;
				CODE_SIGN_STYLE = Automatic;
				CURRENT_PROJECT_VERSION = 1;
				DEVELOPMENT_ASSET_PATHS = "\"Moda/Preview Content\"";
				DEVELOPMENT_TEAM = 36N4X279LQ;
				ENABLE_PREVIEWS = YES;
				GENERATE_INFOPLIST_FILE = YES;
				INFOPLIST_FILE = Moda/Info.plist;
				INFOPLIST_KEY_NSHealthShareUsageDescription = "This app requires to access health data.";
				INFOPLIST_KEY_NSLocationWhenInUseUsageDescription = "This app requires to access location data.";
				INFOPLIST_KEY_UIApplicationSceneManifest_Generation = YES;
				INFOPLIST_KEY_UIApplicationSupportsIndirectInputEvents = YES;
				INFOPLIST_KEY_UILaunchScreen_Generation = YES;
				INFOPLIST_KEY_UISupportedInterfaceOrientations = UIInterfaceOrientationPortrait;
				INFOPLIST_KEY_UISupportedInterfaceOrientations_iPad = "UIInterfaceOrientationPortrait UIInterfaceOrientationPortraitUpsideDown UIInterfaceOrientationLandscapeLeft UIInterfaceOrientationLandscapeRight";
				INFOPLIST_KEY_UISupportedInterfaceOrientations_iPhone = UIInterfaceOrientationPortrait;
				LD_RUNPATH_SEARCH_PATHS = (
					"$(inherited)",
					"@executable_path/Frameworks",
				);
				MARKETING_VERSION = 1.0;
				PRODUCT_BUNDLE_IDENTIFIER = com.somin3415.Moda;
				PRODUCT_NAME = "$(TARGET_NAME)";
				SWIFT_EMIT_LOC_STRINGS = YES;
				SWIFT_VERSION = 5.0;
				TARGETED_DEVICE_FAMILY = "1,2";
			};
			name = Debug;
		};
		CBE62D1F276C4BED00A3CB35 /* Release */ = {
			isa = XCBuildConfiguration;
			baseConfigurationReference = 0D4AB2B64A6CAD241E881E7D /* Pods-Moda.release.xcconfig */;
			buildSettings = {
				ASSETCATALOG_COMPILER_APPICON_NAME = AppIcon;
				ASSETCATALOG_COMPILER_GLOBAL_ACCENT_COLOR_NAME = AccentColor;
				CODE_SIGN_ENTITLEMENTS = Moda/Moda.entitlements;
				CODE_SIGN_STYLE = Automatic;
				CURRENT_PROJECT_VERSION = 1;
				DEVELOPMENT_ASSET_PATHS = "\"Moda/Preview Content\"";
				DEVELOPMENT_TEAM = 36N4X279LQ;
				ENABLE_PREVIEWS = YES;
				GENERATE_INFOPLIST_FILE = YES;
				INFOPLIST_FILE = Moda/Info.plist;
				INFOPLIST_KEY_NSHealthShareUsageDescription = "This app requires to access health data.";
				INFOPLIST_KEY_NSLocationWhenInUseUsageDescription = "This app requires to access location data.";
				INFOPLIST_KEY_UIApplicationSceneManifest_Generation = YES;
				INFOPLIST_KEY_UIApplicationSupportsIndirectInputEvents = YES;
				INFOPLIST_KEY_UILaunchScreen_Generation = YES;
				INFOPLIST_KEY_UISupportedInterfaceOrientations = UIInterfaceOrientationPortrait;
				INFOPLIST_KEY_UISupportedInterfaceOrientations_iPad = "UIInterfaceOrientationPortrait UIInterfaceOrientationPortraitUpsideDown UIInterfaceOrientationLandscapeLeft UIInterfaceOrientationLandscapeRight";
				INFOPLIST_KEY_UISupportedInterfaceOrientations_iPhone = UIInterfaceOrientationPortrait;
				LD_RUNPATH_SEARCH_PATHS = (
					"$(inherited)",
					"@executable_path/Frameworks",
				);
				MARKETING_VERSION = 1.0;
				PRODUCT_BUNDLE_IDENTIFIER = com.somin3415.Moda;
				PRODUCT_NAME = "$(TARGET_NAME)";
				SWIFT_EMIT_LOC_STRINGS = YES;
				SWIFT_VERSION = 5.0;
				TARGETED_DEVICE_FAMILY = "1,2";
			};
			name = Release;
		};
		CBE62D21276C4BED00A3CB35 /* Debug */ = {
			isa = XCBuildConfiguration;
			baseConfigurationReference = 4CAFE0675DBD653A7427FEF4 /* Pods-ModaTests.debug.xcconfig */;
			buildSettings = {
				ALWAYS_EMBED_SWIFT_STANDARD_LIBRARIES = YES;
				BUNDLE_LOADER = "$(TEST_HOST)";
				CODE_SIGN_STYLE = Automatic;
				CURRENT_PROJECT_VERSION = 1;
				DEVELOPMENT_TEAM = 36N4X279LQ;
				GENERATE_INFOPLIST_FILE = YES;
				IPHONEOS_DEPLOYMENT_TARGET = 15.2;
				MARKETING_VERSION = 1.0;
				PRODUCT_BUNDLE_IDENTIFIER = com.somin3415.ModaTests;
				PRODUCT_NAME = "$(TARGET_NAME)";
				SWIFT_EMIT_LOC_STRINGS = NO;
				SWIFT_VERSION = 5.0;
				TARGETED_DEVICE_FAMILY = "1,2";
				TEST_HOST = "$(BUILT_PRODUCTS_DIR)/Moda.app/Moda";
			};
			name = Debug;
		};
		CBE62D22276C4BED00A3CB35 /* Release */ = {
			isa = XCBuildConfiguration;
			baseConfigurationReference = ED7AF8349D042EE280EF87A1 /* Pods-ModaTests.release.xcconfig */;
			buildSettings = {
				ALWAYS_EMBED_SWIFT_STANDARD_LIBRARIES = YES;
				BUNDLE_LOADER = "$(TEST_HOST)";
				CODE_SIGN_STYLE = Automatic;
				CURRENT_PROJECT_VERSION = 1;
				DEVELOPMENT_TEAM = 36N4X279LQ;
				GENERATE_INFOPLIST_FILE = YES;
				IPHONEOS_DEPLOYMENT_TARGET = 15.2;
				MARKETING_VERSION = 1.0;
				PRODUCT_BUNDLE_IDENTIFIER = com.somin3415.ModaTests;
				PRODUCT_NAME = "$(TARGET_NAME)";
				SWIFT_EMIT_LOC_STRINGS = NO;
				SWIFT_VERSION = 5.0;
				TARGETED_DEVICE_FAMILY = "1,2";
				TEST_HOST = "$(BUILT_PRODUCTS_DIR)/Moda.app/Moda";
			};
			name = Release;
		};
		CBE62D24276C4BED00A3CB35 /* Debug */ = {
			isa = XCBuildConfiguration;
			baseConfigurationReference = 0EFA30BAAD666D5529DD9B1A /* Pods-Moda-ModaUITests.debug.xcconfig */;
			buildSettings = {
				ALWAYS_EMBED_SWIFT_STANDARD_LIBRARIES = YES;
				CODE_SIGN_STYLE = Automatic;
				CURRENT_PROJECT_VERSION = 1;
				DEVELOPMENT_TEAM = 36N4X279LQ;
				GENERATE_INFOPLIST_FILE = YES;
				MARKETING_VERSION = 1.0;
				PRODUCT_BUNDLE_IDENTIFIER = com.somin3415.ModaUITests;
				PRODUCT_NAME = "$(TARGET_NAME)";
				SWIFT_EMIT_LOC_STRINGS = NO;
				SWIFT_VERSION = 5.0;
				TARGETED_DEVICE_FAMILY = "1,2";
				TEST_TARGET_NAME = Moda;
			};
			name = Debug;
		};
		CBE62D25276C4BED00A3CB35 /* Release */ = {
			isa = XCBuildConfiguration;
			baseConfigurationReference = FE08C09CCBE15B9BC197D2AF /* Pods-Moda-ModaUITests.release.xcconfig */;
			buildSettings = {
				ALWAYS_EMBED_SWIFT_STANDARD_LIBRARIES = YES;
				CODE_SIGN_STYLE = Automatic;
				CURRENT_PROJECT_VERSION = 1;
				DEVELOPMENT_TEAM = 36N4X279LQ;
				GENERATE_INFOPLIST_FILE = YES;
				MARKETING_VERSION = 1.0;
				PRODUCT_BUNDLE_IDENTIFIER = com.somin3415.ModaUITests;
				PRODUCT_NAME = "$(TARGET_NAME)";
				SWIFT_EMIT_LOC_STRINGS = NO;
				SWIFT_VERSION = 5.0;
				TARGETED_DEVICE_FAMILY = "1,2";
				TEST_TARGET_NAME = Moda;
			};
			name = Release;
		};
/* End XCBuildConfiguration section */

/* Begin XCConfigurationList section */
		CBE62CF4276C4BEC00A3CB35 /* Build configuration list for PBXProject "Moda" */ = {
			isa = XCConfigurationList;
			buildConfigurations = (
				CBE62D1B276C4BED00A3CB35 /* Debug */,
				CBE62D1C276C4BED00A3CB35 /* Release */,
			);
			defaultConfigurationIsVisible = 0;
			defaultConfigurationName = Release;
		};
		CBE62D1D276C4BED00A3CB35 /* Build configuration list for PBXNativeTarget "Moda" */ = {
			isa = XCConfigurationList;
			buildConfigurations = (
				CBE62D1E276C4BED00A3CB35 /* Debug */,
				CBE62D1F276C4BED00A3CB35 /* Release */,
			);
			defaultConfigurationIsVisible = 0;
			defaultConfigurationName = Release;
		};
		CBE62D20276C4BED00A3CB35 /* Build configuration list for PBXNativeTarget "ModaTests" */ = {
			isa = XCConfigurationList;
			buildConfigurations = (
				CBE62D21276C4BED00A3CB35 /* Debug */,
				CBE62D22276C4BED00A3CB35 /* Release */,
			);
			defaultConfigurationIsVisible = 0;
			defaultConfigurationName = Release;
		};
		CBE62D23276C4BED00A3CB35 /* Build configuration list for PBXNativeTarget "ModaUITests" */ = {
			isa = XCConfigurationList;
			buildConfigurations = (
				CBE62D24276C4BED00A3CB35 /* Debug */,
				CBE62D25276C4BED00A3CB35 /* Release */,
			);
			defaultConfigurationIsVisible = 0;
			defaultConfigurationName = Release;
		};
/* End XCConfigurationList section */
	};
	rootObject = CBE62CF1276C4BEC00A3CB35 /* Project object */;
}
